<?xml version="1.0" encoding="utf-8"?>
<Project ToolsVersion="4.0" xmlns="http://schemas.microsoft.com/developer/msbuild/2003">
  <ItemGroup>
    <Filter Include="Source Files">
      <UniqueIdentifier>{4FC737F1-C7A5-4376-A066-2A32D752A2FF}</UniqueIdentifier>
      <Extensions>cpp;c;cc;cxx;def;odl;idl;hpj;bat;asm;asmx</Extensions>
    </Filter>
    <Filter Include="Header Files">
      <UniqueIdentifier>{93995380-89BD-4b04-88EB-625FBE52EBFB}</UniqueIdentifier>
      <Extensions>h;hh;hpp;hxx;hm;inl;inc;ipp;xsd</Extensions>
    </Filter>
    <Filter Include="Resource Files">
      <UniqueIdentifier>{67DA6AB6-F800-4c08-8B7A-83BB121AAD01}</UniqueIdentifier>
      <Extensions>rc;ico;cur;bmp;dlg;rc2;rct;bin;rgs;gif;jpg;jpeg;jpe;resx;tiff;tif;png;wav;mfcribbon-ms</Extensions>
    </Filter>
    <Filter Include="Resource Files\Hookerino">
      <UniqueIdentifier>{481b4f54-c67e-41ff-a998-850722ffc8d8}</UniqueIdentifier>
    </Filter>
    <Filter Include="Resource Files\UE_Utilities">
      <UniqueIdentifier>{fc61c235-b9e7-48ed-a63e-b044cf3f4246}</UniqueIdentifier>
    </Filter>
    <Filter Include="Source Files\DX">
      <UniqueIdentifier>{a6301d5d-2865-4d5a-a0a4-6dfe612020b7}</UniqueIdentifier>
    </Filter>
    <Filter Include="Header Files\Hookerino">
      <UniqueIdentifier>{55638453-bb25-4e7f-bd39-c79cb2f2efff}</UniqueIdentifier>
    </Filter>
    <Filter Include="Header Files\UE_Utilities">
      <UniqueIdentifier>{c1d58dd0-8650-45d1-a93a-5a6619ff8caf}</UniqueIdentifier>
    </Filter>
    <Filter Include="Header Files\DX">
      <UniqueIdentifier>{aebd5d75-0e93-48d7-92f7-e7a0274b382b}</UniqueIdentifier>
    </Filter>
    <Filter Include="Header Files\ImGui">
      <UniqueIdentifier>{06795a88-31a8-44a9-91d9-81f503f00f48}</UniqueIdentifier>
    </Filter>
    <Filter Include="Resource Files\ImGui">
      <UniqueIdentifier>{c38185d2-eb41-4a3d-84b0-b78d94dff5a5}</UniqueIdentifier>
    </Filter>
    <Filter Include="Header Files\SDK">
      <UniqueIdentifier>{1008cf7a-959c-4a63-9af7-8f7b2c8cda5f}</UniqueIdentifier>
    </Filter>
  </ItemGroup>
  <ItemGroup>
    <ClCompile Include="..\..\..\Hookerino\myHooks\myHooks\JumpHook.cpp">
      <Filter>Resource Files\Hookerino</Filter>
    </ClCompile>
    <ClCompile Include="..\..\..\Hookerino\myHooks\myHooks\VMTHook.cpp">
      <Filter>Resource Files\Hookerino</Filter>
    </ClCompile>
    <ClCompile Include="..\..\..\Hookerino\myHooks\myHooks\Memory.cpp">
      <Filter>Resource Files\Hookerino</Filter>
    </ClCompile>
    <ClCompile Include="..\..\..\Hookerino\myHooks\myHooks\Hook.cpp">
      <Filter>Resource Files\Hookerino</Filter>
    </ClCompile>
    <ClCompile Include="..\..\..\UE_Utilities\UE_Utilities\UE_Utilities\Keys.cpp">
      <Filter>Resource Files\UE_Utilities</Filter>
    </ClCompile>
    <ClCompile Include="..\..\..\UE_Utilities\UE_Utilities\UE_Utilities\UEHook.cpp">
      <Filter>Resource Files\UE_Utilities</Filter>
    </ClCompile>
    <ClCompile Include="..\..\..\UE_Utilities\UE_Utilities\UE_Utilities\Menu.cpp">
      <Filter>Resource Files\UE_Utilities</Filter>
    </ClCompile>
    <ClCompile Include="DX.cpp">
      <Filter>Source Files\DX</Filter>
    </ClCompile>
    <ClCompile Include="main.cpp">
      <Filter>Source Files</Filter>
    </ClCompile>
    <ClCompile Include="TextureManager.cpp">
      <Filter>Header Files\DX</Filter>
    </ClCompile>
    <ClCompile Include="G:\imgui-1.69\imgui_widgets.cpp">
      <Filter>Resource Files\ImGui</Filter>
    </ClCompile>
    <ClCompile Include="G:\imgui-1.69\imgui_draw.cpp">
      <Filter>Resource Files\ImGui</Filter>
    </ClCompile>
    <ClCompile Include="G:\imgui-1.69\imgui_demo.cpp">
      <Filter>Resource Files\ImGui</Filter>
    </ClCompile>
    <ClCompile Include="G:\imgui-1.69\imgui.cpp">
      <Filter>Resource Files\ImGui</Filter>
    </ClCompile>
    <ClCompile Include="G:\imgui-1.69\examples\imgui_impl_win32.cpp">
      <Filter>Resource Files\ImGui</Filter>
    </ClCompile>
    <ClCompile Include="G:\imgui-1.69\examples\imgui_impl_dx9.cpp">
      <Filter>Resource Files\ImGui</Filter>
    </ClCompile>
    <ClCompile Include="DXCanvas.cpp">
      <Filter>Source Files\DX</Filter>
    </ClCompile>
    <ClCompile Include="..\..\..\Hookerino\myHooks\myHooks\FullJumpHook3.cpp">
      <Filter>Resource Files\Hookerino</Filter>
    </ClCompile>
  </ItemGroup>
  <ItemGroup>
    <ClInclude Include="..\..\..\Hookerino\myHooks\myHooks\Hook.h">
      <Filter>Header Files\Hookerino</Filter>
    </ClInclude>
    <ClInclude Include="..\..\..\Hookerino\myHooks\myHooks\Memory.h">
      <Filter>Header Files\Hookerino</Filter>
    </ClInclude>
    <ClInclude Include="..\..\..\UE_Utilities\UE_Utilities\UE_Utilities\Keys.h">
      <Filter>Header Files\UE_Utilities</Filter>
    </ClInclude>
    <ClInclude Include="..\..\..\UE_Utilities\UE_Utilities\UE_Utilities\Menu.h">
      <Filter>Header Files\UE_Utilities</Filter>
    </ClInclude>
    <ClInclude Include="..\..\..\UE_Utilities\UE_Utilities\UE_Utilities\UEHook.h">
      <Filter>Header Files\UE_Utilities</Filter>
    </ClInclude>
    <ClInclude Include="DX.h">
      <Filter>Header Files\DX</Filter>
    </ClInclude>
    <ClInclude Include="G:\imgui-1.69\imgui.h">
      <Filter>Header Files\ImGui</Filter>
    </ClInclude>
    <ClInclude Include="G:\imgui-1.69\imconfig.h">
      <Filter>Header Files\ImGui</Filter>
    </ClInclude>
    <ClInclude Include="G:\imgui-1.69\imgui_internal.h">
      <Filter>Header Files\ImGui</Filter>
    </ClInclude>
    <ClInclude Include="G:\imgui-1.69\imstb_rectpack.h">
      <Filter>Header Files\ImGui</Filter>
    </ClInclude>
    <ClInclude Include="G:\imgui-1.69\imstb_textedit.h">
      <Filter>Header Files\ImGui</Filter>
    </ClInclude>
    <ClInclude Include="G:\imgui-1.69\imstb_truetype.h">
      <Filter>Header Files\ImGui</Filter>
    </ClInclude>
    <ClInclude Include="G:\imgui-1.69\examples\imgui_impl_dx9.h">
      <Filter>Header Files\ImGui</Filter>
    </ClInclude>
    <ClInclude Include="G:\imgui-1.69\examples\imgui_impl_win32.h">
      <Filter>Header Files\ImGui</Filter>
    </ClInclude>
    <ClInclude Include="G:\Tribes Ascend\TA SDK 1.4\SDK.h">
      <Filter>Header Files\SDK</Filter>
    </ClInclude>
    <ClInclude Include="G:\Tribes Ascend\TA SDK 1.4\SDK_HEADERS\Core_classes.h">
      <Filter>Header Files\SDK</Filter>
    </ClInclude>
    <ClInclude Include="G:\Tribes Ascend\TA SDK 1.4\SDK_HEADERS\Core_f_structs.h">
      <Filter>Header Files\SDK</Filter>
    </ClInclude>
    <ClInclude Include="G:\Tribes Ascend\TA SDK 1.4\SDK_HEADERS\Core_functions.h">
      <Filter>Header Files\SDK</Filter>
    </ClInclude>
    <ClInclude Include="G:\Tribes Ascend\TA SDK 1.4\SDK_HEADERS\Core_structs.h">
      <Filter>Header Files\SDK</Filter>
    </ClInclude>
    <ClInclude Include="G:\Tribes Ascend\TA SDK 1.4\SDK_HEADERS\Engine_classes.h">
      <Filter>Header Files\SDK</Filter>
    </ClInclude>
    <ClInclude Include="G:\Tribes Ascend\TA SDK 1.4\SDK_HEADERS\Engine_f_structs.h">
      <Filter>Header Files\SDK</Filter>
    </ClInclude>
    <ClInclude Include="G:\Tribes Ascend\TA SDK 1.4\SDK_HEADERS\Engine_functions.h">
      <Filter>Header Files\SDK</Filter>
    </ClInclude>
    <ClInclude Include="G:\Tribes Ascend\TA SDK 1.4\SDK_HEADERS\Engine_structs.h">
      <Filter>Header Files\SDK</Filter>
    </ClInclude>
    <ClInclude Include="G:\Tribes Ascend\TA SDK 1.4\SDK_HEADERS\GameFramework_classes.h">
      <Filter>Header Files\SDK</Filter>
    </ClInclude>
    <ClInclude Include="G:\Tribes Ascend\TA SDK 1.4\SDK_HEADERS\GameFramework_f_structs.h">
      <Filter>Header Files\SDK</Filter>
    </ClInclude>
    <ClInclude Include="G:\Tribes Ascend\TA SDK 1.4\SDK_HEADERS\GameFramework_functions.h">
      <Filter>Header Files\SDK</Filter>
    </ClInclude>
    <ClInclude Include="G:\Tribes Ascend\TA SDK 1.4\SDK_HEADERS\GameFramework_structs.h">
      <Filter>Header Files\SDK</Filter>
    </ClInclude>
    <ClInclude Include="G:\Tribes Ascend\TA SDK 1.4\SDK_HEADERS\GFxUI_classes.h">
      <Filter>Header Files\SDK</Filter>
    </ClInclude>
    <ClInclude Include="G:\Tribes Ascend\TA SDK 1.4\SDK_HEADERS\GFxUI_f_structs.h">
      <Filter>Header Files\SDK</Filter>
    </ClInclude>
    <ClInclude Include="G:\Tribes Ascend\TA SDK 1.4\SDK_HEADERS\GFxUI_functions.h">
      <Filter>Header Files\SDK</Filter>
    </ClInclude>
    <ClInclude Include="G:\Tribes Ascend\TA SDK 1.4\SDK_HEADERS\GFxUI_structs.h">
      <Filter>Header Files\SDK</Filter>
    </ClInclude>
    <ClInclude Include="G:\Tribes Ascend\TA SDK 1.4\SDK_HEADERS\IpDrv_classes.h">
      <Filter>Header Files\SDK</Filter>
    </ClInclude>
    <ClInclude Include="G:\Tribes Ascend\TA SDK 1.4\SDK_HEADERS\IpDrv_f_structs.h">
      <Filter>Header Files\SDK</Filter>
    </ClInclude>
    <ClInclude Include="G:\Tribes Ascend\TA SDK 1.4\SDK_HEADERS\IpDrv_functions.h">
      <Filter>Header Files\SDK</Filter>
    </ClInclude>
    <ClInclude Include="G:\Tribes Ascend\TA SDK 1.4\SDK_HEADERS\IpDrv_structs.h">
      <Filter>Header Files\SDK</Filter>
    </ClInclude>
    <ClInclude Include="G:\Tribes Ascend\TA SDK 1.4\SDK_HEADERS\OnlineSubsystemMcts_classes.h">
      <Filter>Header Files\SDK</Filter>
    </ClInclude>
    <ClInclude Include="G:\Tribes Ascend\TA SDK 1.4\SDK_HEADERS\OnlineSubsystemMcts_f_structs.h">
      <Filter>Header Files\SDK</Filter>
    </ClInclude>
    <ClInclude Include="G:\Tribes Ascend\TA SDK 1.4\SDK_HEADERS\OnlineSubsystemMcts_functions.h">
      <Filter>Header Files\SDK</Filter>
    </ClInclude>
    <ClInclude Include="G:\Tribes Ascend\TA SDK 1.4\SDK_HEADERS\OnlineSubsystemMcts_structs.h">
      <Filter>Header Files\SDK</Filter>
    </ClInclude>
    <ClInclude Include="G:\Tribes Ascend\TA SDK 1.4\SDK_HEADERS\PlatformCommon_classes.h">
      <Filter>Header Files\SDK</Filter>
    </ClInclude>
    <ClInclude Include="G:\Tribes Ascend\TA SDK 1.4\SDK_HEADERS\PlatformCommon_f_structs.h">
      <Filter>Header Files\SDK</Filter>
    </ClInclude>
    <ClInclude Include="G:\Tribes Ascend\TA SDK 1.4\SDK_HEADERS\PlatformCommon_functions.h">
      <Filter>Header Files\SDK</Filter>
    </ClInclude>
    <ClInclude Include="G:\Tribes Ascend\TA SDK 1.4\SDK_HEADERS\PlatformCommon_structs.h">
      <Filter>Header Files\SDK</Filter>
    </ClInclude>
    <ClInclude Include="G:\Tribes Ascend\TA SDK 1.4\SDK_HEADERS\TribesGame_classes.h">
      <Filter>Header Files\SDK</Filter>
    </ClInclude>
    <ClInclude Include="G:\Tribes Ascend\TA SDK 1.4\SDK_HEADERS\TribesGame_f_structs.h">
      <Filter>Header Files\SDK</Filter>
    </ClInclude>
    <ClInclude Include="G:\Tribes Ascend\TA SDK 1.4\SDK_HEADERS\TribesGame_functions.h">
      <Filter>Header Files\SDK</Filter>
    </ClInclude>
    <ClInclude Include="G:\Tribes Ascend\TA SDK 1.4\SDK_HEADERS\TribesGame_structs.h">
      <Filter>Header Files\SDK</Filter>
    </ClInclude>
    <ClInclude Include="G:\Tribes Ascend\TA SDK 1.4\SDK_HEADERS\TribesGameContent_classes.h">
      <Filter>Header Files\SDK</Filter>
    </ClInclude>
    <ClInclude Include="G:\Tribes Ascend\TA SDK 1.4\SDK_HEADERS\TribesGameContent_f_structs.h">
      <Filter>Header Files\SDK</Filter>
    </ClInclude>
    <ClInclude Include="G:\Tribes Ascend\TA SDK 1.4\SDK_HEADERS\TribesGameContent_functions.h">
      <Filter>Header Files\SDK</Filter>
    </ClInclude>
    <ClInclude Include="G:\Tribes Ascend\TA SDK 1.4\SDK_HEADERS\TribesGameContent_structs.h">
      <Filter>Header Files\SDK</Filter>
    </ClInclude>
    <ClInclude Include="G:\Tribes Ascend\TA SDK 1.4\SDK_HEADERS\UDKBase_classes.h">
      <Filter>Header Files\SDK</Filter>
    </ClInclude>
    <ClInclude Include="G:\Tribes Ascend\TA SDK 1.4\SDK_HEADERS\UDKBase_f_structs.h">
      <Filter>Header Files\SDK</Filter>
    </ClInclude>
    <ClInclude Include="G:\Tribes Ascend\TA SDK 1.4\SDK_HEADERS\UDKBase_functions.h">
      <Filter>Header Files\SDK</Filter>
    </ClInclude>
    <ClInclude Include="G:\Tribes Ascend\TA SDK 1.4\SDK_HEADERS\UDKBase_structs.h">
      <Filter>Header Files\SDK</Filter>
    </ClInclude>
    <ClInclude Include="G:\Tribes Ascend\TA SDK 1.4\SDK_HEADERS\UTGame_classes.h">
      <Filter>Header Files\SDK</Filter>
    </ClInclude>
    <ClInclude Include="G:\Tribes Ascend\TA SDK 1.4\SDK_HEADERS\UTGame_f_structs.h">
      <Filter>Header Files\SDK</Filter>
    </ClInclude>
    <ClInclude Include="G:\Tribes Ascend\TA SDK 1.4\SDK_HEADERS\UTGame_functions.h">
      <Filter>Header Files\SDK</Filter>
    </ClInclude>
    <ClInclude Include="G:\Tribes Ascend\TA SDK 1.4\SDK_HEADERS\UTGame_structs.h">
      <Filter>Header Files\SDK</Filter>
    </ClInclude>
    <ClInclude Include="G:\Tribes Ascend\TA SDK 1.4\SDK_HEADERS\WinDrv_classes.h">
      <Filter>Header Files\SDK</Filter>
    </ClInclude>
    <ClInclude Include="G:\Tribes Ascend\TA SDK 1.4\SDK_HEADERS\WinDrv_f_structs.h">
      <Filter>Header Files\SDK</Filter>
    </ClInclude>
    <ClInclude Include="G:\Tribes Ascend\TA SDK 1.4\SDK_HEADERS\WinDrv_functions.h">
      <Filter>Header Files\SDK</Filter>
    </ClInclude>
    <ClInclude Include="G:\Tribes Ascend\TA SDK 1.4\SDK_HEADERS\WinDrv_structs.h">
      <Filter>Header Files\SDK</Filter>
    </ClInclude>
    <ClInclude Include="G:\Tribes Ascend\TA SDK 1.4\SDK_HEADERS\XAudio2_classes.h">
      <Filter>Header Files\SDK</Filter>
    </ClInclude>
    <ClInclude Include="G:\Tribes Ascend\TA SDK 1.4\SDK_HEADERS\XAudio2_f_structs.h">
      <Filter>Header Files\SDK</Filter>
    </ClInclude>
    <ClInclude Include="G:\Tribes Ascend\TA SDK 1.4\SDK_HEADERS\XAudio2_functions.h">
      <Filter>Header Files\SDK</Filter>
    </ClInclude>
    <ClInclude Include="G:\Tribes Ascend\TA SDK 1.4\SDK_HEADERS\XAudio2_structs.h">
      <Filter>Header Files\SDK</Filter>
    </ClInclude>
    <ClInclude Include="DXCanvas.h">
      <Filter>Header Files\DX</Filter>
    </ClInclude>
  </ItemGroup>
</Project>